
Microsoft Visual Studio Solution File, Format Version 12.00
# Visual Studio Version 17
VisualStudioVersion = 17.13.35825.156 d17.13
MinimumVisualStudioVersion = 10.0.40219.1
Project("{FAE04EC0-301F-11D3-BF4B-00C04F79EFBC}") = "MyApiProject", "MyApiProject\MyApiProject.csproj", "{808591A8-B31A-46C5-866D-3E0AC1BB9F43}"
EndProject
Project("{FAE04EC0-301F-11D3-BF4B-00C04F79EFBC}") = "MyApiTests", "MyApiTests\MyApiTests.csproj", "{ADB6C8A7-5B13-4647-9A7B-C39F32C7425F}"
EndProject
Global
	GlobalSection(SolutionConfigurationPlatforms) = preSolution
		Debug|Any CPU = Debug|Any CPU
		Release|Any CPU = Release|Any CPU
	EndGlobalSection
	GlobalSection(ProjectConfigurationPlatforms) = postSolution
		{808591A8-B31A-46C5-866D-3E0AC1BB9F43}.Debug|Any CPU.ActiveCfg = Debug|Any CPU
		{808591A8-B31A-46C5-866D-3E0AC1BB9F43}.Debug|Any CPU.Build.0 = Debug|Any CPU
		{808591A8-B31A-46C5-866D-3E0AC1BB9F43}.Release|Any CPU.ActiveCfg = Release|Any CPU
		{808591A8-B31A-46C5-866D-3E0AC1BB9F43}.Release|Any CPU.Build.0 = Release|Any CPU
		{ADB6C8A7-5B13-4647-9A7B-C39F32C7425F}.Debug|Any CPU.ActiveCfg = Debug|Any CPU
		{ADB6C8A7-5B13-4647-9A7B-C39F32C7425F}.Debug|Any CPU.Build.0 = Debug|Any CPU
		{ADB6C8A7-5B13-4647-9A7B-C39F32C7425F}.Release|Any CPU.ActiveCfg = Release|Any CPU
		{ADB6C8A7-5B13-4647-9A7B-C39F32C7425F}.Release|Any CPU.Build.0 = Release|Any CPU
	EndGlobalSection
	GlobalSection(SolutionProperties) = preSolution
		HideSolutionNode = FALSE
	EndGlobalSection
	GlobalSection(ExtensibilityGlobals) = postSolution
		SolutionGuid = {77BF2B2C-B4F4-43DB-8FD6-1AB9F5B02B00}
	EndGlobalSection
EndGlobal
